
Microsoft Visual Studio Solution File, Format Version 12.00
# Visual Studio Version 17
VisualStudioVersion = 17.14.36203.30 d17.14
MinimumVisualStudioVersion = 10.0.40219.1
Project("{FAE04EC0-301F-11D3-BF4B-00C04F79EFBC}") = "AbandonLogger", "AbandonLogger.csproj", "{B206E92F-09C9-4D9D-9B65-F8465197CA9F}"
EndProject
Global
	GlobalSection(SolutionConfigurationPlatforms) = preSolution
		Debug|Any CPU = Debug|Any CPU
		Release|Any CPU = Release|Any CPU
	EndGlobalSection
	GlobalSection(ProjectConfigurationPlatforms) = postSolution
		{B206E92F-09C9-4D9D-9B65-F8465197CA9F}.Debug|Any CPU.ActiveCfg = Debug|Any CPU
		{B206E92F-09C9-4D9D-9B65-F8465197CA9F}.Debug|Any CPU.Build.0 = Debug|Any CPU
		{B206E92F-09C9-4D9D-9B65-F8465197CA9F}.Release|Any CPU.ActiveCfg = Release|Any CPU
		{B206E92F-09C9-4D9D-9B65-F8465197CA9F}.Release|Any CPU.Build.0 = Release|Any CPU
	EndGlobalSection
	GlobalSection(SolutionProperties) = preSolution
		HideSolutionNode = FALSE
	EndGlobalSection
	GlobalSection(ExtensibilityGlobals) = postSolution
		SolutionGuid = {8298BA84-BB14-46B1-BDCB-E0A2998ACFFB}
	EndGlobalSection
EndGlobal
